
Microsoft Visual Studio Solution File, Format Version 12.00
# Visual Studio Version 16
VisualStudioVersion = 16.0.31605.320
MinimumVisualStudioVersion = 10.0.40219.1
Project("{FAE04EC0-301F-11D3-BF4B-00C04F79EFBC}") = "FastFoodApp", "FastFoodApp.csproj", "{EC87BBA0-18C3-4F6A-9DEA-2753D92857C6}"
EndProject
Global
	GlobalSection(SolutionConfigurationPlatforms) = preSolution
		Debug|Any CPU = Debug|Any CPU
		Release|Any CPU = Release|Any CPU
	EndGlobalSection
	GlobalSection(ProjectConfigurationPlatforms) = postSolution
		{EC87BBA0-18C3-4F6A-9DEA-2753D92857C6}.Debug|Any CPU.ActiveCfg = Debug|Any CPU
		{EC87BBA0-18C3-4F6A-9DEA-2753D92857C6}.Debug|Any CPU.Build.0 = Debug|Any CPU
		{EC87BBA0-18C3-4F6A-9DEA-2753D92857C6}.Release|Any CPU.ActiveCfg = Release|Any CPU
		{EC87BBA0-18C3-4F6A-9DEA-2753D92857C6}.Release|Any CPU.Build.0 = Release|Any CPU
	EndGlobalSection
	GlobalSection(SolutionProperties) = preSolution
		HideSolutionNode = FALSE
	EndGlobalSection
	GlobalSection(ExtensibilityGlobals) = postSolution
		SolutionGuid = {584CCF87-6E3A-4B32-9C98-CC589A83C361}
	EndGlobalSection
EndGlobal
